lockfileVersion: 5.3

specifiers:
  pinia: ^2.0.14
  vue: ^3.2.33

devDependencies:
  pinia: 2.0.14_vue@3.2.33
  vue: 3.2.33

packages:

  /@babel/parser/7.17.10:
    resolution: {integrity: sha512-n2Q6i+fnJqzOaq2VkdXxy2TCPCWQZHiCo0XqmrCvDWcZQKRyZzYi4Z0yxlBuN0w+r2ZHmre+Q087DSrw3pbJDQ==}
    engines: {node: '>=6.0.0'}
    hasBin: true
    dev: true

  /@vue/compiler-core/3.2.33:
    resolution: {integrity: sha512-AAmr52ji3Zhk7IKIuigX2osWWsb2nQE5xsdFYjdnmtQ4gymmqXbjLvkSE174+fF3A3kstYrTgGkqgOEbsdLDpw==}
    dependencies:
      '@babel/parser': 7.17.10
      '@vue/shared': 3.2.33
      estree-walker: 2.0.2
      source-map: 0.6.1
    dev: true

  /@vue/compiler-dom/3.2.33:
    resolution: {integrity: sha512-GhiG1C8X98Xz9QUX/RlA6/kgPBWJkjq0Rq6//5XTAGSYrTMBgcLpP9+CnlUg1TFxnnCVughAG+KZl28XJqw8uQ==}
    dependencies:
      '@vue/compiler-core': 3.2.33
      '@vue/shared': 3.2.33
    dev: true

  /@vue/compiler-sfc/3.2.33:
    resolution: {integrity: sha512-H8D0WqagCr295pQjUYyO8P3IejM3vEzeCO1apzByAEaAR/WimhMYczHfZVvlCE/9yBaEu/eu9RdiWr0kF8b71Q==}
    dependencies:
      '@babel/parser': 7.17.10
      '@vue/compiler-core': 3.2.33
      '@vue/compiler-dom': 3.2.33
      '@vue/compiler-ssr': 3.2.33
      '@vue/reactivity-transform': 3.2.33
      '@vue/shared': 3.2.33
      estree-walker: 2.0.2
      magic-string: 0.25.9
      postcss: 8.4.13
      source-map: 0.6.1
    dev: true

  /@vue/compiler-ssr/3.2.33:
    resolution: {integrity: sha512-XQh1Xdk3VquDpXsnoCd7JnMoWec9CfAzQDQsaMcSU79OrrO2PNR0ErlIjm/mGq3GmBfkQjzZACV+7GhfRB8xMQ==}
    dependencies:
      '@vue/compiler-dom': 3.2.33
      '@vue/shared': 3.2.33
    dev: true

  /@vue/devtools-api/6.1.4:
    resolution: {integrity: sha512-IiA0SvDrJEgXvVxjNkHPFfDx6SXw0b/TUkqMcDZWNg9fnCAHbTpoo59YfJ9QLFkwa3raau5vSlRVzMSLDnfdtQ==}
    dev: true

  /@vue/reactivity-transform/3.2.33:
    resolution: {integrity: sha512-4UL5KOIvSQb254aqenW4q34qMXbfZcmEsV/yVidLUgvwYQQ/D21bGX3DlgPUGI3c4C+iOnNmDCkIxkILoX/Pyw==}
    dependencies:
      '@babel/parser': 7.17.10
      '@vue/compiler-core': 3.2.33
      '@vue/shared': 3.2.33
      estree-walker: 2.0.2
      magic-string: 0.25.9
    dev: true

  /@vue/reactivity/3.2.33:
    resolution: {integrity: sha512-62Sq0mp9/0bLmDuxuLD5CIaMG2susFAGARLuZ/5jkU1FCf9EDbwUuF+BO8Ub3Rbodx0ziIecM/NsmyjardBxfQ==}
    dependencies:
      '@vue/shared': 3.2.33
    dev: true

  /@vue/runtime-core/3.2.33:
    resolution: {integrity: sha512-N2D2vfaXsBPhzCV3JsXQa2NECjxP3eXgZlFqKh4tgakp3iX6LCGv76DLlc+IfFZq+TW10Y8QUfeihXOupJ1dGw==}
    dependencies:
      '@vue/reactivity': 3.2.33
      '@vue/shared': 3.2.33
    dev: true

  /@vue/runtime-dom/3.2.33:
    resolution: {integrity: sha512-LSrJ6W7CZTSUygX5s8aFkraDWlO6K4geOwA3quFF2O+hC3QuAMZt/0Xb7JKE3C4JD4pFwCSO7oCrZmZ0BIJUnw==}
    dependencies:
      '@vue/runtime-core': 3.2.33
      '@vue/shared': 3.2.33
      csstype: 2.6.20
    dev: true

  /@vue/server-renderer/3.2.33_vue@3.2.33:
    resolution: {integrity: sha512-4jpJHRD4ORv8PlbYi+/MfP8ec1okz6rybe36MdpkDrGIdEItHEUyaHSKvz+ptNEyQpALmmVfRteHkU9F8vxOew==}
    peerDependencies:
      vue: 3.2.33
    dependencies:
      '@vue/compiler-ssr': 3.2.33
      '@vue/shared': 3.2.33
      vue: 3.2.33
    dev: true

  /@vue/shared/3.2.33:
    resolution: {integrity: sha512-UBc1Pg1T3yZ97vsA2ueER0F6GbJebLHYlEi4ou1H5YL4KWvMOOWwpYo9/QpWq93wxKG6Wo13IY74Hcn/f7c7Bg==}
    dev: true

  /csstype/2.6.20:
    resolution: {integrity: sha512-/WwNkdXfckNgw6S5R125rrW8ez139lBHWouiBvX8dfMFtcn6V81REDqnH7+CRpRipfYlyU1CmOnOxrmGcFOjeA==}
    dev: true

  /estree-walker/2.0.2:
    resolution: {integrity: sha512-Rfkk/Mp/DL7JVje3u18FxFujQlTNR2q6QfMSMB7AvCBx91NGj/ba3kCfza0f6dVDbw7YlRf/nDrn7pQrCCyQ/w==}
    dev: true

  /magic-string/0.25.9:
    resolution: {integrity: sha512-RmF0AsMzgt25qzqqLc1+MbHmhdx0ojF2Fvs4XnOqz2ZOBXzzkEwc/dJQZCYHAn7v1jbVOjAZfK8msRn4BxO4VQ==}
    dependencies:
      sourcemap-codec: 1.4.8
    dev: true

  /nanoid/3.3.4:
    resolution: {integrity: sha512-MqBkQh/OHTS2egovRtLk45wEyNXwF+cokD+1YPf9u5VfJiRdAiRwB2froX5Co9Rh20xs4siNPm8naNotSD6RBw==}
    engines: {node: ^10 || ^12 || ^13.7 || ^14 || >=15.0.1}
    hasBin: true
    dev: true

  /picocolors/1.0.0:
    resolution: {integrity: sha512-1fygroTLlHu66zi26VoTDv8yRgm0Fccecssto+MhsZ0D/DGW2sm8E8AjW7NU5VVTRt5GxbeZ5qBuJr+HyLYkjQ==}
    dev: true

  /pinia/2.0.14_vue@3.2.33:
    resolution: {integrity: sha512-0nPuZR4TetT/WcLN+feMSjWJku3SQU7dBbXC6uw+R6FLQJCsg+/0pzXyD82T1FmAYe0lsx+jnEDQ1BLgkRKlxA==}
    peerDependencies:
      '@vue/composition-api': ^1.4.0
      typescript: '>=4.4.4'
      vue: ^2.6.14 || ^3.2.0
    peerDependenciesMeta:
      '@vue/composition-api':
        optional: true
      typescript:
        optional: true
    dependencies:
      '@vue/devtools-api': 6.1.4
      vue: 3.2.33
      vue-demi: 0.12.5_vue@3.2.33
    dev: true

  /postcss/8.4.13:
    resolution: {integrity: sha512-jtL6eTBrza5MPzy8oJLFuUscHDXTV5KcLlqAWHl5q5WYRfnNRGSmOZmOZ1T6Gy7A99mOZfqungmZMpMmCVJ8ZA==}
    engines: {node: ^10 || ^12 || >=14}
    dependencies:
      nanoid: 3.3.4
      picocolors: 1.0.0
      source-map-js: 1.0.2
    dev: true

  /source-map-js/1.0.2:
    resolution: {integrity: sha512-R0XvVJ9WusLiqTCEiGCmICCMplcCkIwwR11mOSD9CR5u+IXYdiseeEuXCVAjS54zqwkLcPNnmU4OeJ6tUrWhDw==}
    engines: {node: '>=0.10.0'}
    dev: true

  /source-map/0.6.1:
    resolution: {integrity: sha512-UjgapumWlbMhkBgzT7Ykc5YXUT46F0iKu8SGXq0bcwP5dz/h0Plj6enJqjz1Zbq2l5WaqYnrVbwWOWMyF3F47g==}
    engines: {node: '>=0.10.0'}
    dev: true

  /sourcemap-codec/1.4.8:
    resolution: {integrity: sha512-9NykojV5Uih4lgo5So5dtw+f0JgJX30KCNI8gwhz2J9A15wD0Ml6tjHKwf6fTSa6fAdVBdZeNOs9eJ71qCk8vA==}
    dev: true

  /vue-demi/0.12.5_vue@3.2.33:
    resolution: {integrity: sha512-BREuTgTYlUr0zw0EZn3hnhC3I6gPWv+Kwh4MCih6QcAeaTlaIX0DwOVN0wHej7hSvDPecz4jygy/idsgKfW58Q==}
    engines: {node: '>=12'}
    hasBin: true
    requiresBuild: true
    peerDependencies:
      '@vue/composition-api': ^1.0.0-rc.1
      vue: ^3.0.0-0 || ^2.6.0
    peerDependenciesMeta:
      '@vue/composition-api':
        optional: true
    dependencies:
      vue: 3.2.33
    dev: true

  /vue/3.2.33:
    resolution: {integrity: sha512-si1ExAlDUrLSIg/V7D/GgA4twJwfsfgG+t9w10z38HhL/HA07132pUQ2KuwAo8qbCyMJ9e6OqrmWrOCr+jW7ZQ==}
    dependencies:
      '@vue/compiler-dom': 3.2.33
      '@vue/compiler-sfc': 3.2.33
      '@vue/runtime-dom': 3.2.33
      '@vue/server-renderer': 3.2.33_vue@3.2.33
      '@vue/shared': 3.2.33
    dev: true
